
Microsoft Visual Studio Solution File, Format Version 12.00
# Visual Studio Version 17
VisualStudioVersion = 17.5.33502.453
MinimumVisualStudioVersion = 10.0.40219.1
Project("{8BC9CEB8-8B4A-11D0-8D11-00A0C91BC942}") = "VexSim", "VexSim.vcxproj", "{C359B3E9-C354-4300-A9ED-DBC3DF0CBC0E}"
EndProject
Global
	GlobalSection(SolutionConfigurationPlatforms) = preSolution
		Debug|x64 = Debug|x64
		Debug|x86 = Debug|x86
		Release|x64 = Release|x64
		Release|x86 = Release|x86
	EndGlobalSection
	GlobalSection(ProjectConfigurationPlatforms) = postSolution
		{C359B3E9-C354-4300-A9ED-DBC3DF0CBC0E}.Debug|x64.ActiveCfg = Debug|x64
		{C359B3E9-C354-4300-A9ED-DBC3DF0CBC0E}.Debug|x64.Build.0 = Debug|x64
		{C359B3E9-C354-4300-A9ED-DBC3DF0CBC0E}.Debug|x86.ActiveCfg = Debug|Win32
		{C359B3E9-C354-4300-A9ED-DBC3DF0CBC0E}.Debug|x86.Build.0 = Debug|Win32
		{C359B3E9-C354-4300-A9ED-DBC3DF0CBC0E}.Release|x64.ActiveCfg = Release|x64
		{C359B3E9-C354-4300-A9ED-DBC3DF0CBC0E}.Release|x64.Build.0 = Release|x64
		{C359B3E9-C354-4300-A9ED-DBC3DF0CBC0E}.Release|x86.ActiveCfg = Release|Win32
		{C359B3E9-C354-4300-A9ED-DBC3DF0CBC0E}.Release|x86.Build.0 = Release|Win32
	EndGlobalSection
	GlobalSection(SolutionProperties) = preSolution
		HideSolutionNode = FALSE
	EndGlobalSection
	GlobalSection(ExtensibilityGlobals) = postSolution
		SolutionGuid = {B052E3ED-78CC-4AD2-B35C-77CB97B8804D}
	EndGlobalSection
EndGlobal
