<?xml version="1.0" encoding="utf-8"?>
<Project ToolsVersion="4.0" xmlns="http://schemas.microsoft.com/developer/msbuild/2003">
  <ItemGroup>
    <Filter Include="Source Files">
      <UniqueIdentifier>{4FC737F1-C7A5-4376-A066-2A32D752A2FF}</UniqueIdentifier>
      <Extensions>cpp;c;cc;cxx;c++;cppm;ixx;def;odl;idl;hpj;bat;asm;asmx</Extensions>
    </Filter>
    <Filter Include="Header Files">
      <UniqueIdentifier>{93995380-89BD-4b04-88EB-625FBE52EBFB}</UniqueIdentifier>
      <Extensions>h;hh;hpp;hxx;h++;hm;inl;inc;ipp;xsd</Extensions>
    </Filter>
    <Filter Include="Resource Files">
      <UniqueIdentifier>{67DA6AB6-F800-4c08-8B7A-83BB121AAD01}</UniqueIdentifier>
      <Extensions>rc;ico;cur;bmp;dlg;rc2;rct;bin;rgs;gif;jpg;jpeg;jpe;resx;tiff;tif;png;wav;mfcribbon-ms</Extensions>
    </Filter>
    <Filter Include="Header Files\Simulator">
      <UniqueIdentifier>{24bbf961-bdcf-424d-9cf4-48c02df4d653}</UniqueIdentifier>
    </Filter>
    <Filter Include="Header Files\VEX-AUBIE-CORE">
      <UniqueIdentifier>{073e3b9a-f0fa-4175-ac7e-863df6c9071f}</UniqueIdentifier>
    </Filter>
    <Filter Include="Source Files\VEX-AUBIE-CORE">
      <UniqueIdentifier>{10fa382f-4057-4a6d-949b-86ab0f724217}</UniqueIdentifier>
    </Filter>
    <Filter Include="Source Files\Simulator">
      <UniqueIdentifier>{cf596eff-432c-4ea3-b04c-bf8d3c115ffa}</UniqueIdentifier>
    </Filter>
    <Filter Include="Resource Files\Assets">
      <UniqueIdentifier>{439926d5-67ab-4829-b900-532ca1696969}</UniqueIdentifier>
    </Filter>
    <Filter Include="Header Files\VEX-AUBIE-CORE\robotmath">
      <UniqueIdentifier>{89147869-7d66-42ce-8c07-a21c45cdf5e6}</UniqueIdentifier>
    </Filter>
    <Filter Include="Source Files\VEX-AUBIE-CORE\robotmath">
      <UniqueIdentifier>{941069ab-b49b-471a-9e2f-1a2e40f3e186}</UniqueIdentifier>
    </Filter>
  </ItemGroup>
  <ItemGroup>
    <ClCompile Include="main.cpp">
      <Filter>Source Files</Filter>
    </ClCompile>
    <ClCompile Include="..\Simulator\src\v5.cpp">
      <Filter>Source Files\Simulator</Filter>
    </ClCompile>
    <ClCompile Include="..\Simulator\src\BaseGUI.cpp">
      <Filter>Source Files\Simulator</Filter>
    </ClCompile>
    <ClCompile Include="..\Simulator\src\Line.cpp">
      <Filter>Source Files\Simulator</Filter>
    </ClCompile>
    <ClCompile Include="simulator.cpp">
      <Filter>Source Files</Filter>
    </ClCompile>
    <ClCompile Include="..\Simulator\src\controller.cpp">
      <Filter>Source Files\Simulator</Filter>
    </ClCompile>
    <ClCompile Include="..\AUBIE-VEX-Core\src\logger.cpp">
      <Filter>Source Files\VEX-AUBIE-CORE</Filter>
    </ClCompile>
    <ClCompile Include="..\AUBIE-VEX-Core\src\navigation.cpp">
      <Filter>Source Files\VEX-AUBIE-CORE</Filter>
    </ClCompile>
    <ClCompile Include="..\AUBIE-VEX-Core\src\robotmath\base.cpp">
      <Filter>Source Files\VEX-AUBIE-CORE\robotmath</Filter>
    </ClCompile>
    <ClCompile Include="..\AUBIE-VEX-Core\src\robotmath\BasePIDController.cpp">
      <Filter>Source Files\VEX-AUBIE-CORE\robotmath</Filter>
    </ClCompile>
    <ClCompile Include="..\AUBIE-VEX-Core\src\robotmath\EWMAFilter.cpp">
      <Filter>Source Files\VEX-AUBIE-CORE\robotmath</Filter>
    </ClCompile>
    <ClCompile Include="..\AUBIE-VEX-Core\src\robotmath\Path.cpp">
      <Filter>Source Files\VEX-AUBIE-CORE\robotmath</Filter>
    </ClCompile>
    <ClCompile Include="..\AUBIE-VEX-Core\src\robotmath\Point2d.cpp">
      <Filter>Source Files\VEX-AUBIE-CORE\robotmath</Filter>
    </ClCompile>
    <ClCompile Include="..\AUBIE-VEX-Core\src\robotmath\robotmath.cpp">
      <Filter>Source Files\VEX-AUBIE-CORE\robotmath</Filter>
    </ClCompile>
    <ClCompile Include="..\AUBIE-VEX-Core\src\robotmath\SMAFilter.cpp">
      <Filter>Source Files\VEX-AUBIE-CORE\robotmath</Filter>
    </ClCompile>
    <ClCompile Include="..\AUBIE-VEX-Core\src\robotmath\Vector2d.cpp">
      <Filter>Source Files\VEX-AUBIE-CORE\robotmath</Filter>
    </ClCompile>
  </ItemGroup>
  <ItemGroup>
    <Image Include="..\Assets\Field2022.png">
      <Filter>Resource Files\Assets</Filter>
    </Image>
    <Image Include="..\Assets\tank.png">
      <Filter>Resource Files\Assets</Filter>
    </Image>
    <Image Include="..\Assets\Field2023.png">
      <Filter>Resource Files\Assets</Filter>
    </Image>
  </ItemGroup>
  <ItemGroup>
    <ClInclude Include="..\Simulator\v5.h">
      <Filter>Header Files\Simulator</Filter>
    </ClInclude>
    <ClInclude Include="..\Simulator\v5_vcs.h">
      <Filter>Header Files\Simulator</Filter>
    </ClInclude>
    <ClInclude Include="..\Simulator\BaseGUI.h">
      <Filter>Header Files\Simulator</Filter>
    </ClInclude>
    <ClInclude Include="..\Simulator\Common.hpp">
      <Filter>Header Files\Simulator</Filter>
    </ClInclude>
    <ClInclude Include="..\Simulator\Line.hpp">
      <Filter>Header Files\Simulator</Filter>
    </ClInclude>
    <ClInclude Include="simulator.h">
      <Filter>Header Files</Filter>
    </ClInclude>
    <ClInclude Include="..\Simulator\controller.h">
      <Filter>Header Files\Simulator</Filter>
    </ClInclude>
    <ClInclude Include="..\AUBIE-VEX-Core\gui.h">
      <Filter>Header Files\VEX-AUBIE-CORE</Filter>
    </ClInclude>
    <ClInclude Include="..\AUBIE-VEX-Core\logger.h">
      <Filter>Header Files\VEX-AUBIE-CORE</Filter>
    </ClInclude>
    <ClInclude Include="..\AUBIE-VEX-Core\navigation.h">
      <Filter>Header Files\VEX-AUBIE-CORE</Filter>
    </ClInclude>
    <ClInclude Include="..\AUBIE-VEX-Core\quickguide.h">
      <Filter>Header Files\VEX-AUBIE-CORE</Filter>
    </ClInclude>
    <ClInclude Include="..\AUBIE-VEX-Core\robotModels.h">
      <Filter>Header Files\VEX-AUBIE-CORE</Filter>
    </ClInclude>
    <ClInclude Include="..\AUBIE-VEX-Core\simGraphing.h">
      <Filter>Header Files\VEX-AUBIE-CORE</Filter>
    </ClInclude>
    <ClInclude Include="..\AUBIE-VEX-Core\robotmath\base.h">
      <Filter>Header Files\VEX-AUBIE-CORE\robotmath</Filter>
    </ClInclude>
    <ClInclude Include="..\AUBIE-VEX-Core\robotmath\BasePIDController.h">
      <Filter>Header Files\VEX-AUBIE-CORE\robotmath</Filter>
    </ClInclude>
    <ClInclude Include="..\AUBIE-VEX-Core\robotmath\EWMAFilter.h">
      <Filter>Header Files\VEX-AUBIE-CORE\robotmath</Filter>
    </ClInclude>
    <ClInclude Include="..\AUBIE-VEX-Core\robotmath\Path.h">
      <Filter>Header Files\VEX-AUBIE-CORE\robotmath</Filter>
    </ClInclude>
    <ClInclude Include="..\AUBIE-VEX-Core\robotmath\Point2d.h">
      <Filter>Header Files\VEX-AUBIE-CORE\robotmath</Filter>
    </ClInclude>
    <ClInclude Include="..\AUBIE-VEX-Core\robotmath\robotmath.h">
      <Filter>Header Files\VEX-AUBIE-CORE\robotmath</Filter>
    </ClInclude>
    <ClInclude Include="..\AUBIE-VEX-Core\robotmath\SMAFilter.h">
      <Filter>Header Files\VEX-AUBIE-CORE\robotmath</Filter>
    </ClInclude>
    <ClInclude Include="..\AUBIE-VEX-Core\robotmath\Vector2d.h">
      <Filter>Header Files\VEX-AUBIE-CORE\robotmath</Filter>
    </ClInclude>
  </ItemGroup>
</Project>